
Microsoft Visual Studio Solution File, Format Version 12.00
# Visual Studio 15
VisualStudioVersion = 15.0.26304.0
MinimumVisualStudioVersion = 10.0.40219.1
Project("{F184B08F-C81C-45F6-A57F-5ABD9991F28F}") = "PlantPlan.Web", "PlantPlan.Web\PlantPlan.Web.vbproj", "{557CAB98-0B29-4E8D-878F-0105B0A90BF0}"
EndProject
Global
	GlobalSection(SolutionConfigurationPlatforms) = preSolution
		Debug|Any CPU = Debug|Any CPU
		Release|Any CPU = Release|Any CPU
	EndGlobalSection
	GlobalSection(ProjectConfigurationPlatforms) = postSolution
		{557CAB98-0B29-4E8D-878F-0105B0A90BF0}.Debug|Any CPU.ActiveCfg = Debug|Any CPU
		{557CAB98-0B29-4E8D-878F-0105B0A90BF0}.Debug|Any CPU.Build.0 = Debug|Any CPU
		{557CAB98-0B29-4E8D-878F-0105B0A90BF0}.Release|Any CPU.ActiveCfg = Release|Any CPU
		{557CAB98-0B29-4E8D-878F-0105B0A90BF0}.Release|Any CPU.Build.0 = Release|Any CPU
	EndGlobalSection
	GlobalSection(SolutionProperties) = preSolution
		HideSolutionNode = FALSE
	EndGlobalSection
	GlobalSection(ExtensibilityGlobals) = postSolution
		SolutionGuid = {29BF80A3-4DDF-4C7A-B7C7-B080396DEC7F}
	EndGlobalSection
EndGlobal
